
Microsoft Visual Studio Solution File, Format Version 12.00
# Visual Studio Version 17
VisualStudioVersion = 17.11.35222.181
MinimumVisualStudioVersion = 10.0.40219.1
Project("{FAE04EC0-301F-11D3-BF4B-00C04F79EFBC}") = "MVC#3PL", "MVC#3PL\MVC#3PL.csproj", "{C6257EDF-1D58-4EF4-B12F-F5FFCB9ADE58}"
EndProject
Project("{FAE04EC0-301F-11D3-BF4B-00C04F79EFBC}") = "DAL", "DAL\DAL.csproj", "{E31A36CA-896C-4BFB-9EF0-11C74C3A84E9}"
EndProject
Project("{FAE04EC0-301F-11D3-BF4B-00C04F79EFBC}") = "BLL", "BLL\BLL.csproj", "{CD671490-3C11-463F-AC72-68A8C8FC63F4}"
EndProject
Global
	GlobalSection(SolutionConfigurationPlatforms) = preSolution
		Debug|Any CPU = Debug|Any CPU
		Release|Any CPU = Release|Any CPU
	EndGlobalSection
	GlobalSection(ProjectConfigurationPlatforms) = postSolution
		{C6257EDF-1D58-4EF4-B12F-F5FFCB9ADE58}.Debug|Any CPU.ActiveCfg = Debug|Any CPU
		{C6257EDF-1D58-4EF4-B12F-F5FFCB9ADE58}.Debug|Any CPU.Build.0 = Debug|Any CPU
		{C6257EDF-1D58-4EF4-B12F-F5FFCB9ADE58}.Release|Any CPU.ActiveCfg = Release|Any CPU
		{C6257EDF-1D58-4EF4-B12F-F5FFCB9ADE58}.Release|Any CPU.Build.0 = Release|Any CPU
		{E31A36CA-896C-4BFB-9EF0-11C74C3A84E9}.Debug|Any CPU.ActiveCfg = Debug|Any CPU
		{E31A36CA-896C-4BFB-9EF0-11C74C3A84E9}.Debug|Any CPU.Build.0 = Debug|Any CPU
		{E31A36CA-896C-4BFB-9EF0-11C74C3A84E9}.Release|Any CPU.ActiveCfg = Release|Any CPU
		{E31A36CA-896C-4BFB-9EF0-11C74C3A84E9}.Release|Any CPU.Build.0 = Release|Any CPU
		{CD671490-3C11-463F-AC72-68A8C8FC63F4}.Debug|Any CPU.ActiveCfg = Debug|Any CPU
		{CD671490-3C11-463F-AC72-68A8C8FC63F4}.Debug|Any CPU.Build.0 = Debug|Any CPU
		{CD671490-3C11-463F-AC72-68A8C8FC63F4}.Release|Any CPU.ActiveCfg = Release|Any CPU
		{CD671490-3C11-463F-AC72-68A8C8FC63F4}.Release|Any CPU.Build.0 = Release|Any CPU
	EndGlobalSection
	GlobalSection(SolutionProperties) = preSolution
		HideSolutionNode = FALSE
	EndGlobalSection
	GlobalSection(ExtensibilityGlobals) = postSolution
		SolutionGuid = {F6A50E41-610D-4CB2-8D2A-7C55E403856E}
	EndGlobalSection
EndGlobal
